
Microsoft Visual Studio Solution File, Format Version 12.00
# Visual Studio Version 16
VisualStudioVersion = 16.0.28803.452
MinimumVisualStudioVersion = 10.0.40219.1
Project("{FAE04EC0-301F-11D3-BF4B-00C04F79EFBC}") = "FandomParser", "FandomParser\FandomParser.csproj", "{4D887D16-7D1B-4AFC-88D1-030B287EEB01}"
EndProject
Global
	GlobalSection(SolutionConfigurationPlatforms) = preSolution
		Debug|Any CPU = Debug|Any CPU
		Release|Any CPU = Release|Any CPU
	EndGlobalSection
	GlobalSection(ProjectConfigurationPlatforms) = postSolution
		{4D887D16-7D1B-4AFC-88D1-030B287EEB01}.Debug|Any CPU.ActiveCfg = Debug|Any CPU
		{4D887D16-7D1B-4AFC-88D1-030B287EEB01}.Debug|Any CPU.Build.0 = Debug|Any CPU
		{4D887D16-7D1B-4AFC-88D1-030B287EEB01}.Release|Any CPU.ActiveCfg = Release|Any CPU
		{4D887D16-7D1B-4AFC-88D1-030B287EEB01}.Release|Any CPU.Build.0 = Release|Any CPU
	EndGlobalSection
	GlobalSection(SolutionProperties) = preSolution
		HideSolutionNode = FALSE
	EndGlobalSection
	GlobalSection(ExtensibilityGlobals) = postSolution
		SolutionGuid = {7775E001-8A5D-48AC-8A7F-1D561DD6D481}
	EndGlobalSection
EndGlobal
