
Microsoft Visual Studio Solution File, Format Version 12.00
# Visual Studio 15
VisualStudioVersion = 15.0.28307.489
MinimumVisualStudioVersion = 10.0.40219.1
Project("{FAE04EC0-301F-11D3-BF4B-00C04F79EFBC}") = "AnnoDesigner", "AnnoDesigner\AnnoDesigner.csproj", "{3AF4C58B-FEF0-485F-8DBF-CC61F9AF6FAD}"
EndProject
Project("{FAE04EC0-301F-11D3-BF4B-00C04F79EFBC}") = "PresetParser", "PresetParser\PresetParser.csproj", "{F6EA37DC-F9E0-445D-B727-F742E6E61D91}"
EndProject
Global
	GlobalSection(SolutionConfigurationPlatforms) = preSolution
		Debug|x86 = Debug|x86
		Release|x86 = Release|x86
	EndGlobalSection
	GlobalSection(ProjectConfigurationPlatforms) = postSolution
		{3AF4C58B-FEF0-485F-8DBF-CC61F9AF6FAD}.Debug|x86.ActiveCfg = Debug|x86
		{3AF4C58B-FEF0-485F-8DBF-CC61F9AF6FAD}.Debug|x86.Build.0 = Debug|x86
		{3AF4C58B-FEF0-485F-8DBF-CC61F9AF6FAD}.Release|x86.ActiveCfg = Release|x86
		{3AF4C58B-FEF0-485F-8DBF-CC61F9AF6FAD}.Release|x86.Build.0 = Release|x86
		{F6EA37DC-F9E0-445D-B727-F742E6E61D91}.Debug|x86.ActiveCfg = Debug|x86
		{F6EA37DC-F9E0-445D-B727-F742E6E61D91}.Debug|x86.Build.0 = Debug|x86
		{F6EA37DC-F9E0-445D-B727-F742E6E61D91}.Release|x86.ActiveCfg = Release|x86
		{F6EA37DC-F9E0-445D-B727-F742E6E61D91}.Release|x86.Build.0 = Release|x86
	EndGlobalSection
	GlobalSection(SolutionProperties) = preSolution
		HideSolutionNode = FALSE
	EndGlobalSection
	GlobalSection(ExtensibilityGlobals) = postSolution
		SolutionGuid = {39A81E7F-D35A-4B00-94CC-1D29CF9A80E6}
	EndGlobalSection
EndGlobal
