
Microsoft Visual Studio Solution File, Format Version 12.00
# Visual Studio Version 16
VisualStudioVersion = 16.0.28803.202
MinimumVisualStudioVersion = 10.0.40219.1
Project("{FAE04EC0-301F-11D3-BF4B-00C04F79EFBC}") = "AnnoDesigner", "AnnoDesigner\AnnoDesigner.csproj", "{3AF4C58B-FEF0-485F-8DBF-CC61F9AF6FAD}"
EndProject
Project("{FAE04EC0-301F-11D3-BF4B-00C04F79EFBC}") = "PresetParser", "PresetParser\PresetParser.csproj", "{F6EA37DC-F9E0-445D-B727-F742E6E61D91}"
EndProject
Project("{2150E333-8FDC-42A3-9474-1A3956D46DE8}") = "Solution Items", "Solution Items", "{6DB375B9-DCBF-4F3E-A379-2F45D4C88365}"
	ProjectSection(SolutionItems) = preProject
		.editorconfig = .editorconfig
	EndProjectSection
EndProject
Project("{FAE04EC0-301F-11D3-BF4B-00C04F79EFBC}") = "AnnoDesigner.Core", "AnnoDesigner.Core\AnnoDesigner.Core.csproj", "{C73FBFF0-1A11-40FC-8F1F-29637699419A}"
EndProject
Project("{2150E333-8FDC-42A3-9474-1A3956D46DE8}") = "Tests", "Tests", "{97F1FB7F-39A2-48F8-BA71-9AA5D077F0C9}"
EndProject
Project("{FAE04EC0-301F-11D3-BF4B-00C04F79EFBC}") = "AnnoDesigner.Core.Tests", "Tests\AnnoDesigner.Core.Tests\AnnoDesigner.Core.Tests.csproj", "{82097B68-D1A8-4091-A5AE-D4F65138D933}"
EndProject
Project("{FAE04EC0-301F-11D3-BF4B-00C04F79EFBC}") = "PresetParser.Tests", "Tests\PresetParser.Tests\PresetParser.Tests.csproj", "{D49B557D-320C-425E-8822-051AC5A1A26F}"
EndProject
Global
	GlobalSection(SolutionConfigurationPlatforms) = preSolution
		Debug|Any CPU = Debug|Any CPU
		Debug|x86 = Debug|x86
		Release|Any CPU = Release|Any CPU
		Release|x86 = Release|x86
	EndGlobalSection
	GlobalSection(ProjectConfigurationPlatforms) = postSolution
		{3AF4C58B-FEF0-485F-8DBF-CC61F9AF6FAD}.Debug|Any CPU.ActiveCfg = Debug|x86
		{3AF4C58B-FEF0-485F-8DBF-CC61F9AF6FAD}.Debug|x86.ActiveCfg = Debug|x86
		{3AF4C58B-FEF0-485F-8DBF-CC61F9AF6FAD}.Debug|x86.Build.0 = Debug|x86
		{3AF4C58B-FEF0-485F-8DBF-CC61F9AF6FAD}.Release|Any CPU.ActiveCfg = Release|x86
		{3AF4C58B-FEF0-485F-8DBF-CC61F9AF6FAD}.Release|x86.ActiveCfg = Release|x86
		{3AF4C58B-FEF0-485F-8DBF-CC61F9AF6FAD}.Release|x86.Build.0 = Release|x86
		{F6EA37DC-F9E0-445D-B727-F742E6E61D91}.Debug|Any CPU.ActiveCfg = Debug|x86
		{F6EA37DC-F9E0-445D-B727-F742E6E61D91}.Debug|x86.ActiveCfg = Debug|x86
		{F6EA37DC-F9E0-445D-B727-F742E6E61D91}.Debug|x86.Build.0 = Debug|x86
		{F6EA37DC-F9E0-445D-B727-F742E6E61D91}.Release|Any CPU.ActiveCfg = Release|x86
		{F6EA37DC-F9E0-445D-B727-F742E6E61D91}.Release|x86.ActiveCfg = Release|x86
		{F6EA37DC-F9E0-445D-B727-F742E6E61D91}.Release|x86.Build.0 = Release|x86
		{C73FBFF0-1A11-40FC-8F1F-29637699419A}.Debug|Any CPU.ActiveCfg = Debug|Any CPU
		{C73FBFF0-1A11-40FC-8F1F-29637699419A}.Debug|Any CPU.Build.0 = Debug|Any CPU
		{C73FBFF0-1A11-40FC-8F1F-29637699419A}.Debug|x86.ActiveCfg = Debug|Any CPU
		{C73FBFF0-1A11-40FC-8F1F-29637699419A}.Debug|x86.Build.0 = Debug|Any CPU
		{C73FBFF0-1A11-40FC-8F1F-29637699419A}.Release|Any CPU.ActiveCfg = Release|Any CPU
		{C73FBFF0-1A11-40FC-8F1F-29637699419A}.Release|Any CPU.Build.0 = Release|Any CPU
		{C73FBFF0-1A11-40FC-8F1F-29637699419A}.Release|x86.ActiveCfg = Release|Any CPU
		{C73FBFF0-1A11-40FC-8F1F-29637699419A}.Release|x86.Build.0 = Release|Any CPU
		{82097B68-D1A8-4091-A5AE-D4F65138D933}.Debug|Any CPU.ActiveCfg = Debug|Any CPU
		{82097B68-D1A8-4091-A5AE-D4F65138D933}.Debug|Any CPU.Build.0 = Debug|Any CPU
		{82097B68-D1A8-4091-A5AE-D4F65138D933}.Debug|x86.ActiveCfg = Debug|Any CPU
		{82097B68-D1A8-4091-A5AE-D4F65138D933}.Debug|x86.Build.0 = Debug|Any CPU
		{82097B68-D1A8-4091-A5AE-D4F65138D933}.Release|Any CPU.ActiveCfg = Release|Any CPU
		{82097B68-D1A8-4091-A5AE-D4F65138D933}.Release|Any CPU.Build.0 = Release|Any CPU
		{82097B68-D1A8-4091-A5AE-D4F65138D933}.Release|x86.ActiveCfg = Release|Any CPU
		{82097B68-D1A8-4091-A5AE-D4F65138D933}.Release|x86.Build.0 = Release|Any CPU
		{D49B557D-320C-425E-8822-051AC5A1A26F}.Debug|Any CPU.ActiveCfg = Debug|Any CPU
		{D49B557D-320C-425E-8822-051AC5A1A26F}.Debug|Any CPU.Build.0 = Debug|Any CPU
		{D49B557D-320C-425E-8822-051AC5A1A26F}.Debug|x86.ActiveCfg = Debug|Any CPU
		{D49B557D-320C-425E-8822-051AC5A1A26F}.Debug|x86.Build.0 = Debug|Any CPU
		{D49B557D-320C-425E-8822-051AC5A1A26F}.Release|Any CPU.ActiveCfg = Release|Any CPU
		{D49B557D-320C-425E-8822-051AC5A1A26F}.Release|Any CPU.Build.0 = Release|Any CPU
		{D49B557D-320C-425E-8822-051AC5A1A26F}.Release|x86.ActiveCfg = Release|Any CPU
		{D49B557D-320C-425E-8822-051AC5A1A26F}.Release|x86.Build.0 = Release|Any CPU
	EndGlobalSection
	GlobalSection(SolutionProperties) = preSolution
		HideSolutionNode = FALSE
	EndGlobalSection
	GlobalSection(NestedProjects) = preSolution
		{82097B68-D1A8-4091-A5AE-D4F65138D933} = {97F1FB7F-39A2-48F8-BA71-9AA5D077F0C9}
		{D49B557D-320C-425E-8822-051AC5A1A26F} = {97F1FB7F-39A2-48F8-BA71-9AA5D077F0C9}
	EndGlobalSection
	GlobalSection(ExtensibilityGlobals) = postSolution
		SolutionGuid = {39A81E7F-D35A-4B00-94CC-1D29CF9A80E6}
	EndGlobalSection
EndGlobal
