
Microsoft Visual Studio Solution File, Format Version 12.00
# Visual Studio Version 16
VisualStudioVersion = 16.0.28803.352
MinimumVisualStudioVersion = 10.0.40219.1
Project("{FAE04EC0-301F-11D3-BF4B-00C04F79EFBC}") = "ColorPresetsDesigner", "ColorPresetsDesigner\ColorPresetsDesigner.csproj", "{8F90723B-C6E0-4980-9D0F-5B67239AD54A}"
EndProject
Project("{2150E333-8FDC-42A3-9474-1A3956D46DE8}") = "Solution Items", "Solution Items", "{E07B50E1-4CAA-4FA7-96DB-FAADA02F4981}"
	ProjectSection(SolutionItems) = preProject
		.editorconfig = .editorconfig
	EndProjectSection
EndProject
Global
	GlobalSection(SolutionConfigurationPlatforms) = preSolution
		Debug|Any CPU = Debug|Any CPU
		Release|Any CPU = Release|Any CPU
	EndGlobalSection
	GlobalSection(ProjectConfigurationPlatforms) = postSolution
		{8F90723B-C6E0-4980-9D0F-5B67239AD54A}.Debug|Any CPU.ActiveCfg = Debug|Any CPU
		{8F90723B-C6E0-4980-9D0F-5B67239AD54A}.Debug|Any CPU.Build.0 = Debug|Any CPU
		{8F90723B-C6E0-4980-9D0F-5B67239AD54A}.Release|Any CPU.ActiveCfg = Release|Any CPU
		{8F90723B-C6E0-4980-9D0F-5B67239AD54A}.Release|Any CPU.Build.0 = Release|Any CPU
	EndGlobalSection
	GlobalSection(SolutionProperties) = preSolution
		HideSolutionNode = FALSE
	EndGlobalSection
	GlobalSection(ExtensibilityGlobals) = postSolution
		SolutionGuid = {82F84F3E-5C78-4175-9CB1-64677F8BCAFE}
	EndGlobalSection
EndGlobal
